[root]
name = "weirdo"
version = "0.1.0"
dependencies = [
 "vulkano 0.5.6 (registry+https://github.com/rust-lang/crates.io-index)",
]

[[package]]
name = "crossbeam"
version = "0.2.10"
source = "registry+https://github.com/rust-lang/crates.io-index"

[[package]]
name = "fnv"
version = "1.0.5"
source = "registry+https://github.com/rust-lang/crates.io-index"

[[package]]
name = "half"
version = "1.0.0"
source = "registry+https://github.com/rust-lang/crates.io-index"

[[package]]
name = "lazy_static"
version = "0.2.8"
source = "registry+https://github.com/rust-lang/crates.io-index"

[[package]]
name = "libc"
version = "0.2.29"
source = "registry+https://github.com/rust-lang/crates.io-index"

[[package]]
name = "shared_library"
version = "0.1.7"
source = "registry+https://github.com/rust-lang/crates.io-index"
dependencies = [
 "lazy_static 0.2.8 (registry+https://github.com/rust-lang/crates.io-index)",
 "libc 0.2.29 (registry+https://github.com/rust-lang/crates.io-index)",
]

[[package]]
name = "smallvec"
version = "0.3.3"
source = "registry+https://github.com/rust-lang/crates.io-index"

[[package]]
name = "vk-sys"
version = "0.3.0"
source = "registry+https://github.com/rust-lang/crates.io-index"

[[package]]
name = "vulkano"
version = "0.5.6"
source = "registry+https://github.com/rust-lang/crates.io-index"
dependencies = [
 "crossbeam 0.2.10 (registry+https://github.com/rust-lang/crates.io-index)",
 "fnv 1.0.5 (registry+https://github.com/rust-lang/crates.io-index)",
 "half 1.0.0 (registry+https://github.com/rust-lang/crates.io-index)",
 "lazy_static 0.2.8 (registry+https://github.com/rust-lang/crates.io-index)",
 "shared_library 0.1.7 (registry+https://github.com/rust-lang/crates.io-index)",
 "smallvec 0.3.3 (registry+https://github.com/rust-lang/crates.io-index)",
 "vk-sys 0.3.0 (registry+https://github.com/rust-lang/crates.io-index)",
]

[metadata]
"checksum crossbeam 0.2.10 (registry+https://github.com/rust-lang/crates.io-index)" = "0c5ea215664ca264da8a9d9c3be80d2eaf30923c259d03e870388eb927508f97"
"checksum fnv 1.0.5 (registry+https://github.com/rust-lang/crates.io-index)" = "6cc484842f1e2884faf56f529f960cc12ad8c71ce96cc7abba0a067c98fee344"
"checksum half 1.0.0 (registry+https://github.com/rust-lang/crates.io-index)" = "63d68db75012a85555434ee079e7e6337931f87a087ab2988becbadf64673a7f"
"checksum lazy_static 0.2.8 (registry+https://github.com/rust-lang/crates.io-index)" = "3b37545ab726dd833ec6420aaba8231c5b320814b9029ad585555d2a03e94fbf"
"checksum libc 0.2.29 (registry+https://github.com/rust-lang/crates.io-index)" = "8a014d9226c2cc402676fbe9ea2e15dd5222cd1dd57f576b5b283178c944a264"
"checksum shared_library 0.1.7 (registry+https://github.com/rust-lang/crates.io-index)" = "7822f9d0814224552cfd7e4ac72cd511740ccec0b811d1c0f9fa2a84c6509cee"
"checksum smallvec 0.3.3 (registry+https://github.com/rust-lang/crates.io-index)" = "4f8266519bc1d17d0b5b16f6c21295625d562841c708f6376f49028a43e9c11e"
"checksum vk-sys 0.3.0 (registry+https://github.com/rust-lang/crates.io-index)" = "5fa48b0b5f10deca4eee92d745b53150734503b15131f35ce39d33ab5bdd3ed1"
"checksum vulkano 0.5.6 (registry+https://github.com/rust-lang/crates.io-index)" = "4428b1ff2df7f68e1a1f9137c2210a96048b7367c765c6727d7d9a313e437d52"
